{
  "version": 4,
  "terraform_version": "1.12.0",
  "serial": 15,
  "lineage": "b0cdf53b-e853-17fc-7ddc-3d64c9cf923d",
  "outputs": {},
  "resources": [
    {
      "mode": "data",
      "type": "taskmanager_user",
      "name": "user_data1",
      "provider": "provider[\"local/taskmanager/taskmanager\"]",
      "instances": [
        {
          "schema_version": 0,
          "attributes": {
            "attachments": [],
            "comments": [],
            "email": "a@gmail.com",
            "id": 2,
            "name": "a",
            "notifications": [
              2,
              5,
              7,
              10,
              13,
              16,
              20,
              23,
              26
            ],
            "password": "$2a$14$AjmynTRooRw9chdxGxEkpea/ZSa4qcGI4e0iXkGbzZ4Pf3CVc2aLC",
            "role": "Member",
            "tasks_assigned": [
              1
            ],
            "tasks_created": [],
            "teams": [
              1
            ],
            "uname": "a"
          },
          "sensitive_attributes": [
            [
              {
                "type": "get_attr",
                "value": "password"
              }
            ]
          ],
          "identity_schema_version": 0
        }
      ]
    },
    {
      "mode": "managed",
      "type": "taskmanager_attachment",
      "name": "attachment2",
      "provider": "provider[\"local/taskmanager/taskmanager\"]",
      "instances": [
        {
          "schema_version": 0,
          "attributes": {
            "file_name": "infralovers_courses.pdf",
            "id": "1",
            "task_id": 1,
            "uploader_id": 1,
            "url": "./static/files/infralovers_courses.pdf"
          },
          "sensitive_attributes": [],
          "identity_schema_version": 0,
          "private": "bnVsbA==",
          "dependencies": [
            "taskmanager_task.task1",
            "taskmanager_team.team1",
            "taskmanager_user.adminuser1",
            "taskmanager_user.user1"
          ]
        }
      ]
    },
    {
      "mode": "managed",
      "type": "taskmanager_comment",
      "name": "comment1",
      "provider": "provider[\"local/taskmanager/taskmanager\"]",
      "instances": [
        {
          "schema_version": 0,
          "attributes": {
            "content": "comment1 content",
            "id": "1",
            "parent_comment_id": 0,
            "subcomments": [],
            "task_id": 1,
            "user_id": 1
          },
          "sensitive_attributes": [],
          "identity_schema_version": 0,
          "private": "bnVsbA==",
          "dependencies": [
            "taskmanager_task.task1",
            "taskmanager_team.team1",
            "taskmanager_user.adminuser1",
            "taskmanager_user.user1"
          ]
        }
      ]
    },
    {
      "mode": "managed",
      "type": "taskmanager_task",
      "name": "task1",
      "provider": "provider[\"local/taskmanager/taskmanager\"]",
      "instances": [
        {
          "schema_version": 0,
          "attributes": {
            "assignees": [
              2,
              2
            ],
            "attachments": [],
            "comments": [],
            "creator_id": 1,
            "description": "a",
            "due_date": "2025-06-25T18:30:00Z",
            "id": "1",
            "labels": [],
            "parent_task_id": 0,
            "priority": "High",
            "status": "In progress",
            "subtasks": [],
            "team_id": 1,
            "title": "a"
          },
          "sensitive_attributes": [],
          "identity_schema_version": 0,
          "private": "bnVsbA==",
          "dependencies": [
            "taskmanager_team.team1",
            "taskmanager_user.adminuser1",
            "taskmanager_user.user1"
          ]
        }
      ]
    },
    {
      "mode": "managed",
      "type": "taskmanager_team",
      "name": "team1",
      "provider": "provider[\"local/taskmanager/taskmanager\"]",
      "instances": [
        {
          "schema_version": 0,
          "attributes": {
            "description": "Test team",
            "id": "1",
            "members": [
              1,
              2
            ],
            "name": "Team One1",
            "owner_id": 1,
            "tasks": []
          },
          "sensitive_attributes": [],
          "identity_schema_version": 0,
          "private": "bnVsbA==",
          "dependencies": [
            "taskmanager_user.adminuser1",
            "taskmanager_user.user1"
          ]
        }
      ]
    },
    {
      "mode": "managed",
      "type": "taskmanager_user",
      "name": "adminuser1",
      "provider": "provider[\"local/taskmanager/taskmanager\"]",
      "instances": [
        {
          "schema_version": 0,
          "attributes": {
            "attachments": [
              1
            ],
            "comments": [
              1
            ],
            "email": "c@example.com",
            "id": "1",
            "name": "c",
            "notifications": [
              1,
              3,
              4,
              6,
              8,
              9,
              11,
              12,
              14,
              15,
              17,
              18,
              19,
              21,
              22,
              24,
              25,
              27,
              28
            ],
            "password": "",
            "role": "Admin",
            "tasks_assigned": [
              1
            ],
            "tasks_created": [
              1
            ],
            "teams": [
              1
            ],
            "uname": "c"
          },
          "sensitive_attributes": [
            [
              {
                "type": "get_attr",
                "value": "password"
              }
            ]
          ],
          "identity_schema_version": 0,
          "private": "bnVsbA=="
        }
      ]
    },
    {
      "mode": "managed",
      "type": "taskmanager_user",
      "name": "user1",
      "provider": "provider[\"local/taskmanager/taskmanager\"]",
      "instances": [
        {
          "schema_version": 0,
          "attributes": {
            "attachments": [],
            "comments": [],
            "email": "a@gmail.com",
            "id": "2",
            "name": "a",
            "notifications": [
              2,
              5,
              7,
              10,
              13,
              16,
              20,
              23,
              26
            ],
            "password": "$2a$14$AjmynTRooRw9chdxGxEkpea/ZSa4qcGI4e0iXkGbzZ4Pf3CVc2aLC",
            "role": "Member",
            "tasks_assigned": [
              1
            ],
            "tasks_created": [],
            "teams": [
              1
            ],
            "uname": "a"
          },
          "sensitive_attributes": [
            [
              {
                "type": "get_attr",
                "value": "password"
              }
            ]
          ],
          "identity_schema_version": 0,
          "private": "bnVsbA=="
        }
      ]
    }
  ],
  "check_results": null
}
